
Microsoft Visual Studio Solution File, Format Version 12.00
Project("{FAE04EC0-301F-11D3-BF4B-00C04F79EFBC}") = "InClassTest-Task3", "InClassTest-Task3\InClassTest-Task3.csproj", "{58B95735-7AD8-40B2-A546-55DF8B5962E0}"
EndProject
Project("{FAE04EC0-301F-11D3-BF4B-00C04F79EFBC}") = "InClassTest-Task3-Tests", "InClassTest-Task3-Tests\InClassTest-Task3-Tests.csproj", "{88A3B688-1C5B-4100-BAAE-01B2B7CBF9B1}"
EndProject
Global
	GlobalSection(SolutionConfigurationPlatforms) = preSolution
		Debug|Any CPU = Debug|Any CPU
		Release|Any CPU = Release|Any CPU
	EndGlobalSection
	GlobalSection(ProjectConfigurationPlatforms) = postSolution
		{58B95735-7AD8-40B2-A546-55DF8B5962E0}.Debug|Any CPU.ActiveCfg = Debug|Any CPU
		{58B95735-7AD8-40B2-A546-55DF8B5962E0}.Debug|Any CPU.Build.0 = Debug|Any CPU
		{58B95735-7AD8-40B2-A546-55DF8B5962E0}.Release|Any CPU.ActiveCfg = Release|Any CPU
		{58B95735-7AD8-40B2-A546-55DF8B5962E0}.Release|Any CPU.Build.0 = Release|Any CPU
		{88A3B688-1C5B-4100-BAAE-01B2B7CBF9B1}.Debug|Any CPU.ActiveCfg = Debug|Any CPU
		{88A3B688-1C5B-4100-BAAE-01B2B7CBF9B1}.Debug|Any CPU.Build.0 = Debug|Any CPU
		{88A3B688-1C5B-4100-BAAE-01B2B7CBF9B1}.Release|Any CPU.ActiveCfg = Release|Any CPU
		{88A3B688-1C5B-4100-BAAE-01B2B7CBF9B1}.Release|Any CPU.Build.0 = Release|Any CPU
	EndGlobalSection
EndGlobal
